<Solution>
  <Project Path="Cue.csproj" />
  <Project Path="Cue.Domain/Cue.Domain.csproj" />
  <Project Path="Cue.Storage/Cue.Storage.csproj" />
  <Project Path="Cue.Parsing/Cue.Parsing.csproj" />
  <Project Path="Cue.Tests/Cue.Tests.csproj" />
  <Project Path="ViewModels/Cue.ViewModels.csproj" />
</Solution>
